
Microsoft Visual Studio Solution File, Format Version 12.00
# Visual Studio Version 17
VisualStudioVersion = 17.2.32630.192
MinimumVisualStudioVersion = 10.0.40219.1
Project("{FAE04EC0-301F-11D3-BF4B-00C04F79EFBC}") = "Tourist", "Tourist\Tourist.csproj", "{E6FB383B-ACBA-4B54-BD4A-101906F5F383}"
EndProject
Global
	GlobalSection(SolutionConfigurationPlatforms) = preSolution
		Debug|Any CPU = Debug|Any CPU
		Release|Any CPU = Release|Any CPU
	EndGlobalSection
	GlobalSection(ProjectConfigurationPlatforms) = postSolution
		{E6FB383B-ACBA-4B54-BD4A-101906F5F383}.Debug|Any CPU.ActiveCfg = Debug|Any CPU
		{E6FB383B-ACBA-4B54-BD4A-101906F5F383}.Debug|Any CPU.Build.0 = Debug|Any CPU
		{E6FB383B-ACBA-4B54-BD4A-101906F5F383}.Release|Any CPU.ActiveCfg = Release|Any CPU
		{E6FB383B-ACBA-4B54-BD4A-101906F5F383}.Release|Any CPU.Build.0 = Release|Any CPU
	EndGlobalSection
	GlobalSection(SolutionProperties) = preSolution
		HideSolutionNode = FALSE
	EndGlobalSection
	GlobalSection(ExtensibilityGlobals) = postSolution
		SolutionGuid = {DFBA185D-CC62-49C7-8F0C-4087D4B85199}
	EndGlobalSection
EndGlobal
